
Microsoft Visual Studio Solution File, Format Version 11.00
# Visual Studio 2010
Project("{FAE04EC0-301F-11D3-BF4B-00C04F79EFBC}") = "Application.DAL", "Application.DAL\Application.DAL.csproj", "{EB376C0B-920E-42D3-81DD-71AEC45FEDF4}"
EndProject
Project("{FAE04EC0-301F-11D3-BF4B-00C04F79EFBC}") = "Application.Repository", "Application.Repository\Application.Repository.csproj", "{6C6B0E80-367F-4AC2-AE9B-55CA8A7534C5}"
EndProject
Project("{FAE04EC0-301F-11D3-BF4B-00C04F79EFBC}") = "Application.Model", "Application.Model\Application.Model.csproj", "{00A79E37-37EB-4294-B71E-355D0302077B}"
EndProject
Project("{FAE04EC0-301F-11D3-BF4B-00C04F79EFBC}") = "Application.Service", "Application.Service\Application.Service.csproj", "{1D0F3734-E598-4AEA-B16E-5EE65DDAF7E4}"
EndProject
Project("{FAE04EC0-301F-11D3-BF4B-00C04F79EFBC}") = "Application.Manager", "Application.Manager\Application.Manager.csproj", "{F2FCE510-D36A-4D7A-8529-0A77689E511A}"
EndProject
Project("{FAE04EC0-301F-11D3-BF4B-00C04F79EFBC}") = "Application.Controller", "Application.Controller\Application.Controller.csproj", "{2C7460BB-B2C6-466E-A34C-DE6968C8A859}"
EndProject
Global
	GlobalSection(SolutionConfigurationPlatforms) = preSolution
		Debug|Any CPU = Debug|Any CPU
		Release|Any CPU = Release|Any CPU
	EndGlobalSection
	GlobalSection(ProjectConfigurationPlatforms) = postSolution
		{EB376C0B-920E-42D3-81DD-71AEC45FEDF4}.Debug|Any CPU.ActiveCfg = Debug|Any CPU
		{EB376C0B-920E-42D3-81DD-71AEC45FEDF4}.Debug|Any CPU.Build.0 = Debug|Any CPU
		{EB376C0B-920E-42D3-81DD-71AEC45FEDF4}.Release|Any CPU.ActiveCfg = Release|Any CPU
		{EB376C0B-920E-42D3-81DD-71AEC45FEDF4}.Release|Any CPU.Build.0 = Release|Any CPU
		{6C6B0E80-367F-4AC2-AE9B-55CA8A7534C5}.Debug|Any CPU.ActiveCfg = Debug|Any CPU
		{6C6B0E80-367F-4AC2-AE9B-55CA8A7534C5}.Debug|Any CPU.Build.0 = Debug|Any CPU
		{6C6B0E80-367F-4AC2-AE9B-55CA8A7534C5}.Release|Any CPU.ActiveCfg = Release|Any CPU
		{6C6B0E80-367F-4AC2-AE9B-55CA8A7534C5}.Release|Any CPU.Build.0 = Release|Any CPU
		{00A79E37-37EB-4294-B71E-355D0302077B}.Debug|Any CPU.ActiveCfg = Debug|Any CPU
		{00A79E37-37EB-4294-B71E-355D0302077B}.Debug|Any CPU.Build.0 = Debug|Any CPU
		{00A79E37-37EB-4294-B71E-355D0302077B}.Release|Any CPU.ActiveCfg = Release|Any CPU
		{00A79E37-37EB-4294-B71E-355D0302077B}.Release|Any CPU.Build.0 = Release|Any CPU
		{1D0F3734-E598-4AEA-B16E-5EE65DDAF7E4}.Debug|Any CPU.ActiveCfg = Debug|Any CPU
		{1D0F3734-E598-4AEA-B16E-5EE65DDAF7E4}.Debug|Any CPU.Build.0 = Debug|Any CPU
		{1D0F3734-E598-4AEA-B16E-5EE65DDAF7E4}.Release|Any CPU.ActiveCfg = Release|Any CPU
		{1D0F3734-E598-4AEA-B16E-5EE65DDAF7E4}.Release|Any CPU.Build.0 = Release|Any CPU
		{F2FCE510-D36A-4D7A-8529-0A77689E511A}.Debug|Any CPU.ActiveCfg = Debug|Any CPU
		{F2FCE510-D36A-4D7A-8529-0A77689E511A}.Debug|Any CPU.Build.0 = Debug|Any CPU
		{F2FCE510-D36A-4D7A-8529-0A77689E511A}.Release|Any CPU.ActiveCfg = Release|Any CPU
		{F2FCE510-D36A-4D7A-8529-0A77689E511A}.Release|Any CPU.Build.0 = Release|Any CPU
		{2C7460BB-B2C6-466E-A34C-DE6968C8A859}.Debug|Any CPU.ActiveCfg = Debug|Any CPU
		{2C7460BB-B2C6-466E-A34C-DE6968C8A859}.Debug|Any CPU.Build.0 = Debug|Any CPU
		{2C7460BB-B2C6-466E-A34C-DE6968C8A859}.Release|Any CPU.ActiveCfg = Release|Any CPU
		{2C7460BB-B2C6-466E-A34C-DE6968C8A859}.Release|Any CPU.Build.0 = Release|Any CPU
	EndGlobalSection
	GlobalSection(SolutionProperties) = preSolution
		HideSolutionNode = FALSE
	EndGlobalSection
EndGlobal
